
Microsoft Visual Studio Solution File, Format Version 12.00
# Visual Studio 15
VisualStudioVersion = 15.0.27703.2026
MinimumVisualStudioVersion = 10.0.40219.1
Project("{9A19103F-16F7-4668-BE54-9A1E7A4F7556}") = "SnakeLadder.Main", "SnakeLadder.Main\SnakeLadder.Main.csproj", "{C0C409AA-D655-4DE7-8448-21712DC41E9B}"
EndProject
Project("{FAE04EC0-301F-11D3-BF4B-00C04F79EFBC}") = "SnakeLadder.Tests", "SnakeLadder.Tests\SnakeLadder.Tests.csproj", "{7D2FB6C8-2B54-4740-AFE7-8461BB89C281}"
EndProject
Global
	GlobalSection(SolutionConfigurationPlatforms) = preSolution
		Debug|Any CPU = Debug|Any CPU
		Release|Any CPU = Release|Any CPU
	EndGlobalSection
	GlobalSection(ProjectConfigurationPlatforms) = postSolution
		{C0C409AA-D655-4DE7-8448-21712DC41E9B}.Debug|Any CPU.ActiveCfg = Debug|Any CPU
		{C0C409AA-D655-4DE7-8448-21712DC41E9B}.Debug|Any CPU.Build.0 = Debug|Any CPU
		{C0C409AA-D655-4DE7-8448-21712DC41E9B}.Release|Any CPU.ActiveCfg = Release|Any CPU
		{C0C409AA-D655-4DE7-8448-21712DC41E9B}.Release|Any CPU.Build.0 = Release|Any CPU
		{7D2FB6C8-2B54-4740-AFE7-8461BB89C281}.Debug|Any CPU.ActiveCfg = Debug|Any CPU
		{7D2FB6C8-2B54-4740-AFE7-8461BB89C281}.Debug|Any CPU.Build.0 = Debug|Any CPU
		{7D2FB6C8-2B54-4740-AFE7-8461BB89C281}.Release|Any CPU.ActiveCfg = Release|Any CPU
		{7D2FB6C8-2B54-4740-AFE7-8461BB89C281}.Release|Any CPU.Build.0 = Release|Any CPU
	EndGlobalSection
	GlobalSection(SolutionProperties) = preSolution
		HideSolutionNode = FALSE
	EndGlobalSection
	GlobalSection(ExtensibilityGlobals) = postSolution
		SolutionGuid = {0534961C-7F53-4668-8980-386267DB1BC4}
	EndGlobalSection
EndGlobal
